// !$*UTF8*$!
{
	archiveVersion = 1;
	classes = {
	};
	objectVersion = 77;
	objects = {

/* Begin PBXContainerItemProxy section */
		DAB901842D18F6FC0007B313 /* PBXContainerItemProxy */ = {
			isa = PBXContainerItemProxy;
			containerPortal = DAB9016B2D18F6F90007B313 /* Project object */;
			proxyType = 1;
			remoteGlobalIDString = DAB901722D18F6F90007B313;
			remoteInfo = FetchMenuApp;
		};
		DAB9018E2D18F6FC0007B313 /* PBXContainerItemProxy */ = {
			isa = PBXContainerItemProxy;
			containerPortal = DAB9016B2D18F6F90007B313 /* Project object */;
			proxyType = 1;
			remoteGlobalIDString = DAB901722D18F6F90007B313;
			remoteInfo = FetchMenuApp;
		};
/* End PBXContainerItemProxy section */

/* Begin PBXFileReference section */
		DAB901732D18F6F90007B313 /* FetchMenuApp.app */ = {isa = PBXFileReference; explicitFileType = wrapper.application; includeInIndex = 0; path = FetchMenuApp.app; sourceTree = BUILT_PRODUCTS_DIR; };
		DAB901832D18F6FC0007B313 /* FetchMenuAppTests.xctest */ = {isa = PBXFileReference; explicitFileType = wrapper.cfbundle; includeInIndex = 0; path = FetchMenuAppTests.xctest; sourceTree = BUILT_PRODUCTS_DIR; };
		DAB9018D2D18F6FC0007B313 /* FetchMenuAppUITests.xctest */ = {isa = PBXFileReference; explicitFileType = wrapper.cfbundle; includeInIndex = 0; path = FetchMenuAppUITests.xctest; sourceTree = BUILT_PRODUCTS_DIR; };
/* End PBXFileReference section */

/* Begin PBXFileSystemSynchronizedRootGroup section */
		DAB901752D18F6F90007B313 /* FetchMenuApp */ = {
			isa = PBXFileSystemSynchronizedRootGroup;
			path = FetchMenuApp;
			sourceTree = "<group>";
		};
		DAB901862D18F6FC0007B313 /* FetchMenuAppTests */ = {
			isa = PBXFileSystemSynchronizedRootGroup;
			path = FetchMenuAppTests;
			sourceTree = "<group>";
		};
		DAB901902D18F6FC0007B313 /* FetchMenuAppUITests */ = {
			isa = PBXFileSystemSynchronizedRootGroup;
			path = FetchMenuAppUITests;
			sourceTree = "<group>";
		};
/* End PBXFileSystemSynchronizedRootGroup section */

/* Begin PBXFrameworksBuildPhase section */
		DAB901702D18F6F90007B313 /* Frameworks */ = {
			isa = PBXFrameworksBuildPhase;
			buildActionMask = 2147483647;
			files = (
			);
			runOnlyForDeploymentPostprocessing = 0;
		};
		DAB901802D18F6FC0007B313 /* Frameworks */ = {
			isa = PBXFrameworksBuildPhase;
			buildActionMask = 2147483647;
			files = (
			);
			runOnlyForDeploymentPostprocessing = 0;
		};
		DAB9018A2D18F6FC0007B313 /* Frameworks */ = {
			isa = PBXFrameworksBuildPhase;
			buildActionMask = 2147483647;
			files = (
			);
			runOnlyForDeploymentPostprocessing = 0;
		};
/* End PBXFrameworksBuildPhase section */

/* Begin PBXGroup section */
		DAB9016A2D18F6F90007B313 = {
			isa = PBXGroup;
			children = (
				DAB901752D18F6F90007B313 /* FetchMenuApp */,
				DAB901862D18F6FC0007B313 /* FetchMenuAppTests */,
				DAB901902D18F6FC0007B313 /* FetchMenuAppUITests */,
				DAB901742D18F6F90007B313 /* Products */,
			);
			sourceTree = "<group>";
		};
		DAB901742D18F6F90007B313 /* Products */ = {
			isa = PBXGroup;
			children = (
				DAB901732D18F6F90007B313 /* FetchMenuApp.app */,
				DAB901832D18F6FC0007B313 /* FetchMenuAppTests.xctest */,
				DAB9018D2D18F6FC0007B313 /* FetchMenuAppUITests.xctest */,
			);
			name = Products;
			sourceTree = "<group>";
		};
/* End PBXGroup section */

/* Begin PBXNativeTarget section */
		DAB901722D18F6F90007B313 /* FetchMenuApp */ = {
			isa = PBXNativeTarget;
			buildConfigurationList = DAB901972D18F6FC0007B313 /* Build configuration list for PBXNativeTarget "FetchMenuApp" */;
			buildPhases = (
				DAB9016F2D18F6F90007B313 /* Sources */,
				DAB901702D18F6F90007B313 /* Frameworks */,
				DAB901712D18F6F90007B313 /* Resources */,
			);
			buildRules = (
			);
			dependencies = (
			);
			fileSystemSynchronizedGroups = (
				DAB901752D18F6F90007B313 /* FetchMenuApp */,
			);
			name = FetchMenuApp;
			packageProductDependencies = (
			);
			productName = FetchMenuApp;
			productReference = DAB901732D18F6F90007B313 /* FetchMenuApp.app */;
			productType = "com.apple.product-type.application";
		};
		DAB901822D18F6FC0007B313 /* FetchMenuAppTests */ = {
			isa = PBXNativeTarget;
			buildConfigurationList = DAB9019A2D18F6FC0007B313 /* Build configuration list for PBXNativeTarget "FetchMenuAppTests" */;
			buildPhases = (
				DAB9017F2D18F6FC0007B313 /* Sources */,
				DAB901802D18F6FC0007B313 /* Frameworks */,
				DAB901812D18F6FC0007B313 /* Resources */,
			);
			buildRules = (
			);
			dependencies = (
				DAB901852D18F6FC0007B313 /* PBXTargetDependency */,
			);
			fileSystemSynchronizedGroups = (
				DAB901862D18F6FC0007B313 /* FetchMenuAppTests */,
			);
			name = FetchMenuAppTests;
			packageProductDependencies = (
			);
			productName = FetchMenuAppTests;
			productReference = DAB901832D18F6FC0007B313 /* FetchMenuAppTests.xctest */;
			productType = "com.apple.product-type.bundle.unit-test";
		};
		DAB9018C2D18F6FC0007B313 /* FetchMenuAppUITests */ = {
			isa = PBXNativeTarget;
			buildConfigurationList = DAB9019D2D18F6FC0007B313 /* Build configuration list for PBXNativeTarget "FetchMenuAppUITests" */;
			buildPhases = (
				DAB901892D18F6FC0007B313 /* Sources */,
				DAB9018A2D18F6FC0007B313 /* Frameworks */,
				DAB9018B2D18F6FC0007B313 /* Resources */,
			);
			buildRules = (
			);
			dependencies = (
				DAB9018F2D18F6FC0007B313 /* PBXTargetDependency */,
			);
			fileSystemSynchronizedGroups = (
				DAB901902D18F6FC0007B313 /* FetchMenuAppUITests */,
			);
			name = FetchMenuAppUITests;
			packageProductDependencies = (
			);
			productName = FetchMenuAppUITests;
			productReference = DAB9018D2D18F6FC0007B313 /* FetchMenuAppUITests.xctest */;
			productType = "com.apple.product-type.bundle.ui-testing";
		};
/* End PBXNativeTarget section */

/* Begin PBXProject section */
		DAB9016B2D18F6F90007B313 /* Project object */ = {
			isa = PBXProject;
			attributes = {
				BuildIndependentTargetsInParallel = 1;
				LastSwiftUpdateCheck = 1620;
				LastUpgradeCheck = 1620;
				TargetAttributes = {
					DAB901722D18F6F90007B313 = {
						CreatedOnToolsVersion = 16.2;
					};
					DAB901822D18F6FC0007B313 = {
						CreatedOnToolsVersion = 16.2;
						TestTargetID = DAB901722D18F6F90007B313;
					};
					DAB9018C2D18F6FC0007B313 = {
						CreatedOnToolsVersion = 16.2;
						TestTargetID = DAB901722D18F6F90007B313;
					};
				};
			};
			buildConfigurationList = DAB9016E2D18F6F90007B313 /* Build configuration list for PBXProject "FetchMenuApp" */;
			developmentRegion = en;
			hasScannedForEncodings = 0;
			knownRegions = (
				en,
				Base,
			);
			mainGroup = DAB9016A2D18F6F90007B313;
			minimizedProjectReferenceProxies = 1;
			preferredProjectObjectVersion = 77;
			productRefGroup = DAB901742D18F6F90007B313 /* Products */;
			projectDirPath = "";
			projectRoot = "";
			targets = (
				DAB901722D18F6F90007B313 /* FetchMenuApp */,
				DAB901822D18F6FC0007B313 /* FetchMenuAppTests */,
				DAB9018C2D18F6FC0007B313 /* FetchMenuAppUITests */,
			);
		};
/* End PBXProject section */

/* Begin PBXResourcesBuildPhase section */
		DAB901712D18F6F90007B313 /* Resources */ = {
			isa = PBXResourcesBuildPhase;
			buildActionMask = 2147483647;
			files = (
			);
			runOnlyForDeploymentPostprocessing = 0;
		};
		DAB901812D18F6FC0007B313 /* Resources */ = {
			isa = PBXResourcesBuildPhase;
			buildActionMask = 2147483647;
			files = (
			);
			runOnlyForDeploymentPostprocessing = 0;
		};
		DAB9018B2D18F6FC0007B313 /* Resources */ = {
			isa = PBXResourcesBuildPhase;
			buildActionMask = 2147483647;
			files = (
			);
			runOnlyForDeploymentPostprocessing = 0;
		};
/* End PBXResourcesBuildPhase section */

/* Begin PBXSourcesBuildPhase section */
		DAB9016F2D18F6F90007B313 /* Sources */ = {
			isa = PBXSourcesBuildPhase;
			buildActionMask = 2147483647;
			files = (
			);
			runOnlyForDeploymentPostprocessing = 0;
		};
		DAB9017F2D18F6FC0007B313 /* Sources */ = {
			isa = PBXSourcesBuildPhase;
			buildActionMask = 2147483647;
			files = (
			);
			runOnlyForDeploymentPostprocessing = 0;
		};
		DAB901892D18F6FC0007B313 /* Sources */ = {
			isa = PBXSourcesBuildPhase;
			buildActionMask = 2147483647;
			files = (
			);
			runOnlyForDeploymentPostprocessing = 0;
		};
/* End PBXSourcesBuildPhase section */

/* Begin PBXTargetDependency section */
		DAB901852D18F6FC0007B313 /* PBXTargetDependency */ = {
			isa = PBXTargetDependency;
			target = DAB901722D18F6F90007B313 /* FetchMenuApp */;
			targetProxy = DAB901842D18F6FC0007B313 /* PBXContainerItemProxy */;
		};
		DAB9018F2D18F6FC0007B313 /* PBXTargetDependency */ = {
			isa = PBXTargetDependency;
			target = DAB901722D18F6F90007B313 /* FetchMenuApp */;
			targetProxy = DAB9018E2D18F6FC0007B313 /* PBXContainerItemProxy */;
		};
/* End PBXTargetDependency section */

/* Begin XCBuildConfiguration section */
		DAB901952D18F6FC0007B313 /* Debug */ = {
			isa = XCBuildConfiguration;
			buildSettings = {
				ALWAYS_SEARCH_USER_PATHS = NO;
				ASSETCATALOG_COMPILER_GENERATE_SWIFT_ASSET_SYMBOL_EXTENSIONS = YES;
				CLANG_ANALYZER_NONNULL = YES;
				CLANG_ANALYZER_NUMBER_OBJECT_CONVERSION = YES_AGGRESSIVE;
				CLANG_CXX_LANGUAGE_STANDARD = "gnu++20";
				CLANG_ENABLE_MODULES = YES;
				CLANG_ENABLE_OBJC_ARC = YES;
				CLANG_ENABLE_OBJC_WEAK = YES;
				CLANG_WARN_BLOCK_CAPTURE_AUTORELEASING = YES;
				CLANG_WARN_BOOL_CONVERSION = YES;
				CLANG_WARN_COMMA = YES;
				CLANG_WARN_CONSTANT_CONVERSION = YES;
				CLANG_WARN_DEPRECATED_OBJC_IMPLEMENTATIONS = YES;
				CLANG_WARN_DIRECT_OBJC_ISA_USAGE = YES_ERROR;
				CLANG_WARN_DOCUMENTATION_COMMENTS = YES;
				CLANG_WARN_EMPTY_BODY = YES;
				CLANG_WARN_ENUM_CONVERSION = YES;
				CLANG_WARN_INFINITE_RECURSION = YES;
				CLANG_WARN_INT_CONVERSION = YES;
				CLANG_WARN_NON_LITERAL_NULL_CONVERSION = YES;
				CLANG_WARN_OBJC_IMPLICIT_RETAIN_SELF = YES;
				CLANG_WARN_OBJC_LITERAL_CONVERSION = YES;
				CLANG_WARN_OBJC_ROOT_CLASS = YES_ERROR;
				CLANG_WARN_QUOTED_INCLUDE_IN_FRAMEWORK_HEADER = YES;
				CLANG_WARN_RANGE_LOOP_ANALYSIS = YES;
				CLANG_WARN_STRICT_PROTOTYPES = YES;
				CLANG_WARN_SUSPICIOUS_MOVE = YES;
				CLANG_WARN_UNGUARDED_AVAILABILITY = YES_AGGRESSIVE;
				CLANG_WARN_UNREACHABLE_CODE = YES;
				CLANG_WARN__DUPLICATE_METHOD_MATCH = YES;
				COPY_PHASE_STRIP = NO;
				DEBUG_INFORMATION_FORMAT = dwarf;
				ENABLE_STRICT_OBJC_MSGSEND = YES;
				ENABLE_TESTABILITY = YES;
				ENABLE_USER_SCRIPT_SANDBOXING = YES;
				GCC_C_LANGUAGE_STANDARD = gnu17;
				GCC_DYNAMIC_NO_PIC = NO;
				GCC_NO_COMMON_BLOCKS = YES;
				GCC_OPTIMIZATION_LEVEL = 0;
				GCC_PREPROCESSOR_DEFINITIONS = (
					"DEBUG=1",
					"$(inherited)",
				);
				GCC_WARN_64_TO_32_BIT_CONVERSION = YES;
				GCC_WARN_ABOUT_RETURN_TYPE = YES_ERROR;
				GCC_WARN_UNDECLARED_SELECTOR = YES;
				GCC_WARN_UNINITIALIZED_AUTOS = YES_AGGRESSIVE;
				GCC_WARN_UNUSED_FUNCTION = YES;
				GCC_WARN_UNUSED_VARIABLE = YES;
				IPHONEOS_DEPLOYMENT_TARGET = 18.2;
				LOCALIZATION_PREFERS_STRING_CATALOGS = YES;
				MTL_ENABLE_DEBUG_INFO = INCLUDE_SOURCE;
				MTL_FAST_MATH = YES;
				ONLY_ACTIVE_ARCH = YES;
				SDKROOT = iphoneos;
				SWIFT_ACTIVE_COMPILATION_CONDITIONS = "DEBUG $(inherited)";
				SWIFT_OPTIMIZATION_LEVEL = "-Onone";
			};
			name = Debug;
		};
		DAB901962D18F6FC0007B313 /* Release */ = {
			isa = XCBuildConfiguration;
			buildSettings = {
				ALWAYS_SEARCH_USER_PATHS = NO;
				ASSETCATALOG_COMPILER_GENERATE_SWIFT_ASSET_SYMBOL_EXTENSIONS = YES;
				CLANG_ANALYZER_NONNULL = YES;
				CLANG_ANALYZER_NUMBER_OBJECT_CONVERSION = YES_AGGRESSIVE;
				CLANG_CXX_LANGUAGE_STANDARD = "gnu++20";
				CLANG_ENABLE_MODULES = YES;
				CLANG_ENABLE_OBJC_ARC = YES;
				CLANG_ENABLE_OBJC_WEAK = YES;
				CLANG_WARN_BLOCK_CAPTURE_AUTORELEASING = YES;
				CLANG_WARN_BOOL_CONVERSION = YES;
				CLANG_WARN_COMMA = YES;
				CLANG_WARN_CONSTANT_CONVERSION = YES;
				CLANG_WARN_DEPRECATED_OBJC_IMPLEMENTATIONS = YES;
				CLANG_WARN_DIRECT_OBJC_ISA_USAGE = YES_ERROR;
				CLANG_WARN_DOCUMENTATION_COMMENTS = YES;
				CLANG_WARN_EMPTY_BODY = YES;
				CLANG_WARN_ENUM_CONVERSION = YES;
				CLANG_WARN_INFINITE_RECURSION = YES;
				CLANG_WARN_INT_CONVERSION = YES;
				CLANG_WARN_NON_LITERAL_NULL_CONVERSION = YES;
				CLANG_WARN_OBJC_IMPLICIT_RETAIN_SELF = YES;
				CLANG_WARN_OBJC_LITERAL_CONVERSION = YES;
				CLANG_WARN_OBJC_ROOT_CLASS = YES_ERROR;
				CLANG_WARN_QUOTED_INCLUDE_IN_FRAMEWORK_HEADER = YES;
				CLANG_WARN_RANGE_LOOP_ANALYSIS = YES;
				CLANG_WARN_STRICT_PROTOTYPES = YES;
				CLANG_WARN_SUSPICIOUS_MOVE = YES;
				CLANG_WARN_UNGUARDED_AVAILABILITY = YES_AGGRESSIVE;
				CLANG_WARN_UNREACHABLE_CODE = YES;
				CLANG_WARN__DUPLICATE_METHOD_MATCH = YES;
				COPY_PHASE_STRIP = NO;
				DEBUG_INFORMATION_FORMAT = "dwarf-with-dsym";
				ENABLE_NS_ASSERTIONS = NO;
				ENABLE_STRICT_OBJC_MSGSEND = YES;
				ENABLE_USER_SCRIPT_SANDBOXING = YES;
				GCC_C_LANGUAGE_STANDARD = gnu17;
				GCC_NO_COMMON_BLOCKS = YES;
				GCC_WARN_64_TO_32_BIT_CONVERSION = YES;
				GCC_WARN_ABOUT_RETURN_TYPE = YES_ERROR;
				GCC_WARN_UNDECLARED_SELECTOR = YES;
				GCC_WARN_UNINITIALIZED_AUTOS = YES_AGGRESSIVE;
				GCC_WARN_UNUSED_FUNCTION = YES;
				GCC_WARN_UNUSED_VARIABLE = YES;
				IPHONEOS_DEPLOYMENT_TARGET = 18.2;
				LOCALIZATION_PREFERS_STRING_CATALOGS = YES;
				MTL_ENABLE_DEBUG_INFO = NO;
				MTL_FAST_MATH = YES;
				SDKROOT = iphoneos;
				SWIFT_COMPILATION_MODE = wholemodule;
				VALIDATE_PRODUCT = YES;
			};
			name = Release;
		};
		DAB901982D18F6FC0007B313 /* Debug */ = {
			isa = XCBuildConfiguration;
			buildSettings = {
				ASSETCATALOG_COMPILER_APPICON_NAME = AppIcon;
				ASSETCATALOG_COMPILER_GLOBAL_ACCENT_COLOR_NAME = AccentColor;
				CODE_SIGN_STYLE = Automatic;
				CURRENT_PROJECT_VERSION = 1;
				DEVELOPMENT_ASSET_PATHS = "\"FetchMenuApp/Preview Content\"";
				ENABLE_PREVIEWS = YES;
				GENERATE_INFOPLIST_FILE = YES;
				INFOPLIST_KEY_UIApplicationSceneManifest_Generation = YES;
				INFOPLIST_KEY_UIApplicationSupportsIndirectInputEvents = YES;
				INFOPLIST_KEY_UILaunchScreen_Generation = YES;
				INFOPLIST_KEY_UISupportedInterfaceOrientations_iPad = "UIInterfaceOrientationPortrait UIInterfaceOrientationPortraitUpsideDown UIInterfaceOrientationLandscapeLeft UIInterfaceOrientationLandscapeRight";
				INFOPLIST_KEY_UISupportedInterfaceOrientations_iPhone = "UIInterfaceOrientationPortrait UIInterfaceOrientationLandscapeLeft UIInterfaceOrientationLandscapeRight";
				LD_RUNPATH_SEARCH_PATHS = (
					"$(inherited)",
					"@executable_path/Frameworks",
				);
				MARKETING_VERSION = 1.0;
				PRODUCT_BUNDLE_IDENTIFIER = Ousmane.FetchMenuApp;
				PRODUCT_NAME = "$(TARGET_NAME)";
				SWIFT_EMIT_LOC_STRINGS = YES;
				SWIFT_VERSION = 5.0;
				TARGETED_DEVICE_FAMILY = "1,2";
			};
			name = Debug;
		};
		DAB901992D18F6FC0007B313 /* Release */ = {
			isa = XCBuildConfiguration;
			buildSettings = {
				ASSETCATALOG_COMPILER_APPICON_NAME = AppIcon;
				ASSETCATALOG_COMPILER_GLOBAL_ACCENT_COLOR_NAME = AccentColor;
				CODE_SIGN_STYLE = Automatic;
				CURRENT_PROJECT_VERSION = 1;
				DEVELOPMENT_ASSET_PATHS = "\"FetchMenuApp/Preview Content\"";
				ENABLE_PREVIEWS = YES;
				GENERATE_INFOPLIST_FILE = YES;
				INFOPLIST_KEY_UIApplicationSceneManifest_Generation = YES;
				INFOPLIST_KEY_UIApplicationSupportsIndirectInputEvents = YES;
				INFOPLIST_KEY_UILaunchScreen_Generation = YES;
				INFOPLIST_KEY_UISupportedInterfaceOrientations_iPad = "UIInterfaceOrientationPortrait UIInterfaceOrientationPortraitUpsideDown UIInterfaceOrientationLandscapeLeft UIInterfaceOrientationLandscapeRight";
				INFOPLIST_KEY_UISupportedInterfaceOrientations_iPhone = "UIInterfaceOrientationPortrait UIInterfaceOrientationLandscapeLeft UIInterfaceOrientationLandscapeRight";
				LD_RUNPATH_SEARCH_PATHS = (
					"$(inherited)",
					"@executable_path/Frameworks",
				);
				MARKETING_VERSION = 1.0;
				PRODUCT_BUNDLE_IDENTIFIER = Ousmane.FetchMenuApp;
				PRODUCT_NAME = "$(TARGET_NAME)";
				SWIFT_EMIT_LOC_STRINGS = YES;
				SWIFT_VERSION = 5.0;
				TARGETED_DEVICE_FAMILY = "1,2";
			};
			name = Release;
		};
		DAB9019B2D18F6FC0007B313 /* Debug */ = {
			isa = XCBuildConfiguration;
			buildSettings = {
				BUNDLE_LOADER = "$(TEST_HOST)";
				CODE_SIGN_STYLE = Automatic;
				CURRENT_PROJECT_VERSION = 1;
				GENERATE_INFOPLIST_FILE = YES;
				IPHONEOS_DEPLOYMENT_TARGET = 18.2;
				MARKETING_VERSION = 1.0;
				PRODUCT_BUNDLE_IDENTIFIER = Ousmane.FetchMenuAppTests;
				PRODUCT_NAME = "$(TARGET_NAME)";
				SWIFT_EMIT_LOC_STRINGS = NO;
				SWIFT_VERSION = 5.0;
				TARGETED_DEVICE_FAMILY = "1,2";
				TEST_HOST = "$(BUILT_PRODUCTS_DIR)/FetchMenuApp.app/$(BUNDLE_EXECUTABLE_FOLDER_PATH)/FetchMenuApp";
			};
			name = Debug;
		};
		DAB9019C2D18F6FC0007B313 /* Release */ = {
			isa = XCBuildConfiguration;
			buildSettings = {
				BUNDLE_LOADER = "$(TEST_HOST)";
				CODE_SIGN_STYLE = Automatic;
				CURRENT_PROJECT_VERSION = 1;
				GENERATE_INFOPLIST_FILE = YES;
				IPHONEOS_DEPLOYMENT_TARGET = 18.2;
				MARKETING_VERSION = 1.0;
				PRODUCT_BUNDLE_IDENTIFIER = Ousmane.FetchMenuAppTests;
				PRODUCT_NAME = "$(TARGET_NAME)";
				SWIFT_EMIT_LOC_STRINGS = NO;
				SWIFT_VERSION = 5.0;
				TARGETED_DEVICE_FAMILY = "1,2";
				TEST_HOST = "$(BUILT_PRODUCTS_DIR)/FetchMenuApp.app/$(BUNDLE_EXECUTABLE_FOLDER_PATH)/FetchMenuApp";
			};
			name = Release;
		};
		DAB9019E2D18F6FC0007B313 /* Debug */ = {
			isa = XCBuildConfiguration;
			buildSettings = {
				CODE_SIGN_STYLE = Automatic;
				CURRENT_PROJECT_VERSION = 1;
				GENERATE_INFOPLIST_FILE = YES;
				MARKETING_VERSION = 1.0;
				PRODUCT_BUNDLE_IDENTIFIER = Ousmane.FetchMenuAppUITests;
				PRODUCT_NAME = "$(TARGET_NAME)";
				SWIFT_EMIT_LOC_STRINGS = NO;
				SWIFT_VERSION = 5.0;
				TARGETED_DEVICE_FAMILY = "1,2";
				TEST_TARGET_NAME = FetchMenuApp;
			};
			name = Debug;
		};
		DAB9019F2D18F6FC0007B313 /* Release */ = {
			isa = XCBuildConfiguration;
			buildSettings = {
				CODE_SIGN_STYLE = Automatic;
				CURRENT_PROJECT_VERSION = 1;
				GENERATE_INFOPLIST_FILE = YES;
				MARKETING_VERSION = 1.0;
				PRODUCT_BUNDLE_IDENTIFIER = Ousmane.FetchMenuAppUITests;
				PRODUCT_NAME = "$(TARGET_NAME)";
				SWIFT_EMIT_LOC_STRINGS = NO;
				SWIFT_VERSION = 5.0;
				TARGETED_DEVICE_FAMILY = "1,2";
				TEST_TARGET_NAME = FetchMenuApp;
			};
			name = Release;
		};
/* End XCBuildConfiguration section */

/* Begin XCConfigurationList section */
		DAB9016E2D18F6F90007B313 /* Build configuration list for PBXProject "FetchMenuApp" */ = {
			isa = XCConfigurationList;
			buildConfigurations = (
				DAB901952D18F6FC0007B313 /* Debug */,
				DAB901962D18F6FC0007B313 /* Release */,
			);
			defaultConfigurationIsVisible = 0;
			defaultConfigurationName = Release;
		};
		DAB901972D18F6FC0007B313 /* Build configuration list for PBXNativeTarget "FetchMenuApp" */ = {
			isa = XCConfigurationList;
			buildConfigurations = (
				DAB901982D18F6FC0007B313 /* Debug */,
				DAB901992D18F6FC0007B313 /* Release */,
			);
			defaultConfigurationIsVisible = 0;
			defaultConfigurationName = Release;
		};
		DAB9019A2D18F6FC0007B313 /* Build configuration list for PBXNativeTarget "FetchMenuAppTests" */ = {
			isa = XCConfigurationList;
			buildConfigurations = (
				DAB9019B2D18F6FC0007B313 /* Debug */,
				DAB9019C2D18F6FC0007B313 /* Release */,
			);
			defaultConfigurationIsVisible = 0;
			defaultConfigurationName = Release;
		};
		DAB9019D2D18F6FC0007B313 /* Build configuration list for PBXNativeTarget "FetchMenuAppUITests" */ = {
			isa = XCConfigurationList;
			buildConfigurations = (
				DAB9019E2D18F6FC0007B313 /* Debug */,
				DAB9019F2D18F6FC0007B313 /* Release */,
			);
			defaultConfigurationIsVisible = 0;
			defaultConfigurationName = Release;
		};
/* End XCConfigurationList section */
	};
	rootObject = DAB9016B2D18F6F90007B313 /* Project object */;
}
